
Microsoft Visual Studio Solution File, Format Version 12.00
# Visual Studio Version 17
VisualStudioVersion = 17.11.35303.130
MinimumVisualStudioVersion = 10.0.40219.1
Project("{FAE04EC0-301F-11D3-BF4B-00C04F79EFBC}") = "hospital", "hospital\hospital.csproj", "{F60D8F58-BFE0-4FEF-8796-FC0DA5B11C9B}"
EndProject
Global
	GlobalSection(SolutionConfigurationPlatforms) = preSolution
		Debug|Any CPU = Debug|Any CPU
		Release|Any CPU = Release|Any CPU
	EndGlobalSection
	GlobalSection(ProjectConfigurationPlatforms) = postSolution
		{F60D8F58-BFE0-4FEF-8796-FC0DA5B11C9B}.Debug|Any CPU.ActiveCfg = Debug|Any CPU
		{F60D8F58-BFE0-4FEF-8796-FC0DA5B11C9B}.Debug|Any CPU.Build.0 = Debug|Any CPU
		{F60D8F58-BFE0-4FEF-8796-FC0DA5B11C9B}.Release|Any CPU.ActiveCfg = Release|Any CPU
		{F60D8F58-BFE0-4FEF-8796-FC0DA5B11C9B}.Release|Any CPU.Build.0 = Release|Any CPU
	EndGlobalSection
	GlobalSection(SolutionProperties) = preSolution
		HideSolutionNode = FALSE
	EndGlobalSection
	GlobalSection(ExtensibilityGlobals) = postSolution
		SolutionGuid = {4DF0C81D-8AFA-477B-AE1C-0E05D5B14315}
	EndGlobalSection
EndGlobal
